
Microsoft Visual Studio Solution File, Format Version 12.00
# Visual Studio 14
VisualStudioVersion = 14.0.25420.1
MinimumVisualStudioVersion = 10.0.40219.1
Project("{FAE04EC0-301F-11D3-BF4B-00C04F79EFBC}") = "CommonLibrary", "CommonLibrary\CommonLibrary.csproj", "{FE22EAE6-876B-4C52-B1EE-EE1E03432769}"
EndProject
Project("{FAE04EC0-301F-11D3-BF4B-00C04F79EFBC}") = "KSRESClient", "KSRESClient\KSRESClient.csproj", "{3FD8A3BC-79C9-4662-BF7E-D82593717466}"
EndProject
Project("{FAE04EC0-301F-11D3-BF4B-00C04F79EFBC}") = "KSRes", "KSRes\KSRes.csproj", "{26BCBD69-6B8E-4A70-A877-9FB3055328DA}"
EndProject
Project("{FAE04EC0-301F-11D3-BF4B-00C04F79EFBC}") = "LKRESClient", "KLRESClient\LKRESClient.csproj", "{F4EAB13F-D09E-44BD-BEF2-FB4A26DEC05C}"
EndProject
Project("{FAE04EC0-301F-11D3-BF4B-00C04F79EFBC}") = "LKRes", "LKRes\LKRes.csproj", "{8A029237-38B2-4BEE-B415-E6EF8EB3B2E2}"
EndProject
Project("{2150E333-8FDC-42A3-9474-1A3956D46DE8}") = "Test", "Test", "{F90CCE79-DACB-4758-9930-BAE38E8AB1FF}"
EndProject
Project("{FAE04EC0-301F-11D3-BF4B-00C04F79EFBC}") = "LKResTest", "LKResTest\LKResTest.csproj", "{3888CCA4-B287-4BF9-80D8-64A4C8C86D85}"
EndProject
Project("{FAE04EC0-301F-11D3-BF4B-00C04F79EFBC}") = "KSResTest", "KSResTest\KSResTest.csproj", "{685CDD25-9991-48EA-BB4E-C5FDE8057476}"
EndProject
Project("{FAE04EC0-301F-11D3-BF4B-00C04F79EFBC}") = "KRESClientTest", "KRESClientTest\KRESClientTest.csproj", "{197D7CA5-1C1E-44C6-9B06-6832C31E86E8}"
EndProject
Project("{FAE04EC0-301F-11D3-BF4B-00C04F79EFBC}") = "LKResClientTest", "LKResClientTest\LKResClientTest.csproj", "{1975673E-B715-42F5-A5D9-9969CC33C615}"
EndProject
Project("{FAE04EC0-301F-11D3-BF4B-00C04F79EFBC}") = "LoadForecast", "LoadForecast\LoadForecast.csproj", "{20EDEB43-774A-41D7-83D4-EBA3ADEBDFB2}"
EndProject
Project("{FAE04EC0-301F-11D3-BF4B-00C04F79EFBC}") = "ActivePowerGenerator", "ActivePowerGenerator\ActivePowerGenerator.csproj", "{FFD8E67F-13A1-4A89-BE0E-2E2F94E5A49D}"
EndProject
Project("{FAE04EC0-301F-11D3-BF4B-00C04F79EFBC}") = "ActivePowerGeneratorTest", "ActivePowerGeneratorTest\ActivePowerGeneratorTest.csproj", "{EE259D55-0B9F-46AD-A3BA-D16450A42B46}"
EndProject
Project("{FAE04EC0-301F-11D3-BF4B-00C04F79EFBC}") = "LoadForecastTest", "LoadForecastTest\LoadForecastTest.csproj", "{EB9424DB-E9D6-4840-BDE2-872F0129935D}"
EndProject
Project("{FAE04EC0-301F-11D3-BF4B-00C04F79EFBC}") = "BDD", "BDD\BDD.csproj", "{364C9E09-68AD-49CB-ADFC-9997CB22F761}"
EndProject
Global
	GlobalSection(SolutionConfigurationPlatforms) = preSolution
		Debug|Any CPU = Debug|Any CPU
		Release|Any CPU = Release|Any CPU
	EndGlobalSection
	GlobalSection(ProjectConfigurationPlatforms) = postSolution
		{FE22EAE6-876B-4C52-B1EE-EE1E03432769}.Debug|Any CPU.ActiveCfg = Debug|Any CPU
		{FE22EAE6-876B-4C52-B1EE-EE1E03432769}.Debug|Any CPU.Build.0 = Debug|Any CPU
		{FE22EAE6-876B-4C52-B1EE-EE1E03432769}.Release|Any CPU.ActiveCfg = Release|Any CPU
		{FE22EAE6-876B-4C52-B1EE-EE1E03432769}.Release|Any CPU.Build.0 = Release|Any CPU
		{3FD8A3BC-79C9-4662-BF7E-D82593717466}.Debug|Any CPU.ActiveCfg = Debug|Any CPU
		{3FD8A3BC-79C9-4662-BF7E-D82593717466}.Debug|Any CPU.Build.0 = Debug|Any CPU
		{3FD8A3BC-79C9-4662-BF7E-D82593717466}.Release|Any CPU.ActiveCfg = Release|Any CPU
		{3FD8A3BC-79C9-4662-BF7E-D82593717466}.Release|Any CPU.Build.0 = Release|Any CPU
		{26BCBD69-6B8E-4A70-A877-9FB3055328DA}.Debug|Any CPU.ActiveCfg = Debug|Any CPU
		{26BCBD69-6B8E-4A70-A877-9FB3055328DA}.Debug|Any CPU.Build.0 = Debug|Any CPU
		{26BCBD69-6B8E-4A70-A877-9FB3055328DA}.Release|Any CPU.ActiveCfg = Release|Any CPU
		{26BCBD69-6B8E-4A70-A877-9FB3055328DA}.Release|Any CPU.Build.0 = Release|Any CPU
		{F4EAB13F-D09E-44BD-BEF2-FB4A26DEC05C}.Debug|Any CPU.ActiveCfg = Debug|Any CPU
		{F4EAB13F-D09E-44BD-BEF2-FB4A26DEC05C}.Debug|Any CPU.Build.0 = Debug|Any CPU
		{F4EAB13F-D09E-44BD-BEF2-FB4A26DEC05C}.Release|Any CPU.ActiveCfg = Release|Any CPU
		{F4EAB13F-D09E-44BD-BEF2-FB4A26DEC05C}.Release|Any CPU.Build.0 = Release|Any CPU
		{8A029237-38B2-4BEE-B415-E6EF8EB3B2E2}.Debug|Any CPU.ActiveCfg = Debug|Any CPU
		{8A029237-38B2-4BEE-B415-E6EF8EB3B2E2}.Debug|Any CPU.Build.0 = Debug|Any CPU
		{8A029237-38B2-4BEE-B415-E6EF8EB3B2E2}.Release|Any CPU.ActiveCfg = Release|Any CPU
		{8A029237-38B2-4BEE-B415-E6EF8EB3B2E2}.Release|Any CPU.Build.0 = Release|Any CPU
		{3888CCA4-B287-4BF9-80D8-64A4C8C86D85}.Debug|Any CPU.ActiveCfg = Debug|Any CPU
		{3888CCA4-B287-4BF9-80D8-64A4C8C86D85}.Debug|Any CPU.Build.0 = Debug|Any CPU
		{3888CCA4-B287-4BF9-80D8-64A4C8C86D85}.Release|Any CPU.ActiveCfg = Release|Any CPU
		{3888CCA4-B287-4BF9-80D8-64A4C8C86D85}.Release|Any CPU.Build.0 = Release|Any CPU
		{685CDD25-9991-48EA-BB4E-C5FDE8057476}.Debug|Any CPU.ActiveCfg = Debug|Any CPU
		{685CDD25-9991-48EA-BB4E-C5FDE8057476}.Debug|Any CPU.Build.0 = Debug|Any CPU
		{685CDD25-9991-48EA-BB4E-C5FDE8057476}.Release|Any CPU.ActiveCfg = Release|Any CPU
		{685CDD25-9991-48EA-BB4E-C5FDE8057476}.Release|Any CPU.Build.0 = Release|Any CPU
		{197D7CA5-1C1E-44C6-9B06-6832C31E86E8}.Debug|Any CPU.ActiveCfg = Debug|Any CPU
		{197D7CA5-1C1E-44C6-9B06-6832C31E86E8}.Debug|Any CPU.Build.0 = Debug|Any CPU
		{197D7CA5-1C1E-44C6-9B06-6832C31E86E8}.Release|Any CPU.ActiveCfg = Release|Any CPU
		{197D7CA5-1C1E-44C6-9B06-6832C31E86E8}.Release|Any CPU.Build.0 = Release|Any CPU
		{1975673E-B715-42F5-A5D9-9969CC33C615}.Debug|Any CPU.ActiveCfg = Debug|Any CPU
		{1975673E-B715-42F5-A5D9-9969CC33C615}.Debug|Any CPU.Build.0 = Debug|Any CPU
		{1975673E-B715-42F5-A5D9-9969CC33C615}.Release|Any CPU.ActiveCfg = Release|Any CPU
		{1975673E-B715-42F5-A5D9-9969CC33C615}.Release|Any CPU.Build.0 = Release|Any CPU
		{20EDEB43-774A-41D7-83D4-EBA3ADEBDFB2}.Debug|Any CPU.ActiveCfg = Debug|Any CPU
		{20EDEB43-774A-41D7-83D4-EBA3ADEBDFB2}.Debug|Any CPU.Build.0 = Debug|Any CPU
		{20EDEB43-774A-41D7-83D4-EBA3ADEBDFB2}.Release|Any CPU.ActiveCfg = Release|Any CPU
		{20EDEB43-774A-41D7-83D4-EBA3ADEBDFB2}.Release|Any CPU.Build.0 = Release|Any CPU
		{FFD8E67F-13A1-4A89-BE0E-2E2F94E5A49D}.Debug|Any CPU.ActiveCfg = Debug|Any CPU
		{FFD8E67F-13A1-4A89-BE0E-2E2F94E5A49D}.Debug|Any CPU.Build.0 = Debug|Any CPU
		{FFD8E67F-13A1-4A89-BE0E-2E2F94E5A49D}.Release|Any CPU.ActiveCfg = Release|Any CPU
		{FFD8E67F-13A1-4A89-BE0E-2E2F94E5A49D}.Release|Any CPU.Build.0 = Release|Any CPU
		{EE259D55-0B9F-46AD-A3BA-D16450A42B46}.Debug|Any CPU.ActiveCfg = Debug|Any CPU
		{EE259D55-0B9F-46AD-A3BA-D16450A42B46}.Debug|Any CPU.Build.0 = Debug|Any CPU
		{EE259D55-0B9F-46AD-A3BA-D16450A42B46}.Release|Any CPU.ActiveCfg = Release|Any CPU
		{EE259D55-0B9F-46AD-A3BA-D16450A42B46}.Release|Any CPU.Build.0 = Release|Any CPU
		{EB9424DB-E9D6-4840-BDE2-872F0129935D}.Debug|Any CPU.ActiveCfg = Debug|Any CPU
		{EB9424DB-E9D6-4840-BDE2-872F0129935D}.Debug|Any CPU.Build.0 = Debug|Any CPU
		{EB9424DB-E9D6-4840-BDE2-872F0129935D}.Release|Any CPU.ActiveCfg = Release|Any CPU
		{EB9424DB-E9D6-4840-BDE2-872F0129935D}.Release|Any CPU.Build.0 = Release|Any CPU
		{364C9E09-68AD-49CB-ADFC-9997CB22F761}.Debug|Any CPU.ActiveCfg = Debug|Any CPU
		{364C9E09-68AD-49CB-ADFC-9997CB22F761}.Debug|Any CPU.Build.0 = Debug|Any CPU
		{364C9E09-68AD-49CB-ADFC-9997CB22F761}.Release|Any CPU.ActiveCfg = Release|Any CPU
		{364C9E09-68AD-49CB-ADFC-9997CB22F761}.Release|Any CPU.Build.0 = Release|Any CPU
	EndGlobalSection
	GlobalSection(SolutionProperties) = preSolution
		HideSolutionNode = FALSE
	EndGlobalSection
	GlobalSection(NestedProjects) = preSolution
		{3888CCA4-B287-4BF9-80D8-64A4C8C86D85} = {F90CCE79-DACB-4758-9930-BAE38E8AB1FF}
		{685CDD25-9991-48EA-BB4E-C5FDE8057476} = {F90CCE79-DACB-4758-9930-BAE38E8AB1FF}
		{197D7CA5-1C1E-44C6-9B06-6832C31E86E8} = {F90CCE79-DACB-4758-9930-BAE38E8AB1FF}
		{1975673E-B715-42F5-A5D9-9969CC33C615} = {F90CCE79-DACB-4758-9930-BAE38E8AB1FF}
		{EE259D55-0B9F-46AD-A3BA-D16450A42B46} = {F90CCE79-DACB-4758-9930-BAE38E8AB1FF}
		{EB9424DB-E9D6-4840-BDE2-872F0129935D} = {F90CCE79-DACB-4758-9930-BAE38E8AB1FF}
		{364C9E09-68AD-49CB-ADFC-9997CB22F761} = {F90CCE79-DACB-4758-9930-BAE38E8AB1FF}
	EndGlobalSection
EndGlobal
